
Microsoft Visual Studio Solution File, Format Version 12.00
# Visual Studio 15
VisualStudioVersion = 15.0.27428.2043
MinimumVisualStudioVersion = 10.0.40219.1
Project("{FAE04EC0-301F-11D3-BF4B-00C04F79EFBC}") = "FtpSyncLib", "FtpSyncLib\FtpSyncLib.csproj", "{C8050E7D-C2DF-4A99-9527-75F66B0F1621}"
EndProject
Project("{FAE04EC0-301F-11D3-BF4B-00C04F79EFBC}") = "FtpSyncTest", "FtpSyncTest\FtpSyncTest.csproj", "{8F3125BD-DD31-4EBE-A300-D506929F9A2C}"
EndProject
Project("{FAE04EC0-301F-11D3-BF4B-00C04F79EFBC}") = "FtpSyncService", "FtpSyncService\FtpSyncService.csproj", "{18489D46-BD84-4BB3-AEEC-B46EEFCA91DC}"
EndProject
Project("{FAE04EC0-301F-11D3-BF4B-00C04F79EFBC}") = "FtpSyncServiceInstaller", "FtpSyncServiceInstaller\FtpSyncServiceInstaller.csproj", "{9C7D8224-8BEF-4750-9847-4157E07B75F4}"
EndProject
Global
	GlobalSection(SolutionConfigurationPlatforms) = preSolution
		Debug|Any CPU = Debug|Any CPU
		Release|Any CPU = Release|Any CPU
	EndGlobalSection
	GlobalSection(ProjectConfigurationPlatforms) = postSolution
		{C8050E7D-C2DF-4A99-9527-75F66B0F1621}.Debug|Any CPU.ActiveCfg = Debug|Any CPU
		{C8050E7D-C2DF-4A99-9527-75F66B0F1621}.Debug|Any CPU.Build.0 = Debug|Any CPU
		{C8050E7D-C2DF-4A99-9527-75F66B0F1621}.Release|Any CPU.ActiveCfg = Release|Any CPU
		{C8050E7D-C2DF-4A99-9527-75F66B0F1621}.Release|Any CPU.Build.0 = Release|Any CPU
		{8F3125BD-DD31-4EBE-A300-D506929F9A2C}.Debug|Any CPU.ActiveCfg = Debug|Any CPU
		{8F3125BD-DD31-4EBE-A300-D506929F9A2C}.Debug|Any CPU.Build.0 = Debug|Any CPU
		{8F3125BD-DD31-4EBE-A300-D506929F9A2C}.Release|Any CPU.ActiveCfg = Release|Any CPU
		{8F3125BD-DD31-4EBE-A300-D506929F9A2C}.Release|Any CPU.Build.0 = Release|Any CPU
		{18489D46-BD84-4BB3-AEEC-B46EEFCA91DC}.Debug|Any CPU.ActiveCfg = Debug|Any CPU
		{18489D46-BD84-4BB3-AEEC-B46EEFCA91DC}.Debug|Any CPU.Build.0 = Debug|Any CPU
		{18489D46-BD84-4BB3-AEEC-B46EEFCA91DC}.Release|Any CPU.ActiveCfg = Release|Any CPU
		{18489D46-BD84-4BB3-AEEC-B46EEFCA91DC}.Release|Any CPU.Build.0 = Release|Any CPU
		{9C7D8224-8BEF-4750-9847-4157E07B75F4}.Debug|Any CPU.ActiveCfg = Debug|Any CPU
		{9C7D8224-8BEF-4750-9847-4157E07B75F4}.Debug|Any CPU.Build.0 = Debug|Any CPU
		{9C7D8224-8BEF-4750-9847-4157E07B75F4}.Release|Any CPU.ActiveCfg = Release|Any CPU
		{9C7D8224-8BEF-4750-9847-4157E07B75F4}.Release|Any CPU.Build.0 = Release|Any CPU
	EndGlobalSection
	GlobalSection(SolutionProperties) = preSolution
		HideSolutionNode = FALSE
	EndGlobalSection
	GlobalSection(ExtensibilityGlobals) = postSolution
		SolutionGuid = {C91FF4CD-7838-4AA5-ADB3-93A1D9C88030}
	EndGlobalSection
EndGlobal
